
Microsoft Visual Studio Solution File, Format Version 12.00
# Visual Studio Version 17
VisualStudioVersion = 17.1.31911.260
MinimumVisualStudioVersion = 10.0.40219.1
Project("{FAE04EC0-301F-11D3-BF4B-00C04F79EFBC}") = "EventListenerAPI", "EventListenerAPI\EventListenerAPI.csproj", "{5F94312E-69CC-4C27-B4F4-B7D8BE3D53EC}"
EndProject
Project("{2150E333-8FDC-42A3-9474-1A3956D46DE8}") = "Solution Items", "Solution Items", "{BFD7A8BE-9BC4-4A1F-ABE8-55445299E0CF}"
	ProjectSection(SolutionItems) = preProject
		Infra\docker-compose.yml = Infra\docker-compose.yml
		Infra\init\first-postgre.psql = Infra\init\first-postgre.psql
	EndProjectSection
EndProject
Global
	GlobalSection(SolutionConfigurationPlatforms) = preSolution
		Debug|Any CPU = Debug|Any CPU
		Release|Any CPU = Release|Any CPU
	EndGlobalSection
	GlobalSection(ProjectConfigurationPlatforms) = postSolution
		{5F94312E-69CC-4C27-B4F4-B7D8BE3D53EC}.Debug|Any CPU.ActiveCfg = Debug|Any CPU
		{5F94312E-69CC-4C27-B4F4-B7D8BE3D53EC}.Debug|Any CPU.Build.0 = Debug|Any CPU
		{5F94312E-69CC-4C27-B4F4-B7D8BE3D53EC}.Release|Any CPU.ActiveCfg = Release|Any CPU
		{5F94312E-69CC-4C27-B4F4-B7D8BE3D53EC}.Release|Any CPU.Build.0 = Release|Any CPU
	EndGlobalSection
	GlobalSection(SolutionProperties) = preSolution
		HideSolutionNode = FALSE
	EndGlobalSection
	GlobalSection(ExtensibilityGlobals) = postSolution
		SolutionGuid = {C8AFA75B-0F3C-42C2-BDCF-C4FE4FDD9B08}
	EndGlobalSection
EndGlobal
